version = 1
revision = 3
requires-python = ">=3.14"

[[package]]
name = "colorama"
version = "0.4.6"
source = { registry = "https://pypi.org/simple" }
sdist = { url = "https://files.pythonhosted.org/packages/d8/53/6f443c9a4a8358a93a6792e2acffb9d9d5cb0a5cfd8802644b7b1c9a02e4/colorama-0.4.6.tar.gz", hash = "sha256:08695f5cb7ed6e0531a20572697297273c47b8cae5a63ffc6d6ed5c201be6e44", size = 27697, upload-time = "2022-10-25T02:36:22.414Z" }
wheels = [
    { url = "https://files.pythonhosted.org/packages/d1/d6/3965ed04c63042e047cb6a3e6ed1a63a35087b6a609aa3a15ed8ac56c221/colorama-0.4.6-py2.py3-none-any.whl", hash = "sha256:4f1d9991f5acc0ca119f9d443620b77f9d6b33703e51011c16baf57afb285fc6", size = 25335, upload-time = "2022-10-25T02:36:20.889Z" },
]

[[package]]
name = "iniconfig"
version = "2.3.0"
source = { registry = "https://pypi.org/simple" }
sdist = { url = "https://files.pythonhosted.org/packages/72/34/14ca021ce8e5dfedc35312d08ba8bf51fdd999c576889fc2c24cb97f4f10/iniconfig-2.3.0.tar.gz", hash = "sha256:c76315c77db068650d49c5b56314774a7804df16fee4402c1f19d6d15d8c4730", size = 20503, upload-time = "2025-10-18T21:55:43.219Z" }
wheels = [
    { url = "https://files.pythonhosted.org/packages/cb/b1/3846dd7f199d53cb17f49cba7e651e9ce294d8497c8c150530ed11865bb8/iniconfig-2.3.0-py3-none-any.whl", hash = "sha256:f631c04d2c48c52b84d0d0549c99ff3859c98df65b3101406327ecc7d53fbf12", size = 7484, upload-time = "2025-10-18T21:55:41.639Z" },
]

[[package]]
name = "packaging"
version = "25.0"
source = { registry = "https://pypi.org/simple" }
sdist = { url = "https://files.pythonhosted.org/packages/a1/d4/1fc4078c65507b51b96ca8f8c3ba19e6a61c8253c72794544580a7b6c24d/packaging-25.0.tar.gz", hash = "sha256:d443872c98d677bf60f6a1f2f8c1cb748e8fe762d2bf9d3148b5599295b0fc4f", size = 165727, upload-time = "2025-04-19T11:48:59.673Z" }
wheels = [
    { url = "https://files.pythonhosted.org/packages/20/12/38679034af332785aac8774540895e234f4d07f7545804097de4b666afd8/packaging-25.0-py3-none-any.whl", hash = "sha256:29572ef2b1f17581046b3a2227d5c611fb25ec70ca1ba8554b24b0e69331a484", size = 66469, upload-time = "2025-04-19T11:48:57.875Z" },
]

[[package]]
name = "pluggy"
version = "1.6.0"
source = { registry = "https://pypi.org/simple" }
sdist = { url = "https://files.pythonhosted.org/packages/f9/e2/3e91f31a7d2b083fe6ef3fa267035b518369d9511ffab804f839851d2779/pluggy-1.6.0.tar.gz", hash = "sha256:7dcc130b76258d33b90f61b658791dede3486c3e6bfb003ee5c9bfb396dd22f3", size = 69412, upload-time = "2025-05-15T12:30:07.975Z" }
wheels = [
    { url = "https://files.pythonhosted.org/packages/54/20/4d324d65cc6d9205fabedc306948156824eb9f0ee1633355a8f7ec5c66bf/pluggy-1.6.0-py3-none-any.whl", hash = "sha256:e920276dd6813095e9377c0bc5566d94c932c33b27a3e3945d8389c374dd4746", size = 20538, upload-time = "2025-05-15T12:30:06.134Z" },
]

[[package]]
name = "pygments"
version = "2.19.2"
source = { registry = "https://pypi.org/simple" }
sdist = { url = "https://files.pythonhosted.org/packages/b0/77/a5b8c569bf593b0140bde72ea885a803b82086995367bf2037de0159d924/pygments-2.19.2.tar.gz", hash = "sha256:636cb2477cec7f8952536970bc533bc43743542f70392ae026374600add5b887", size = 4968631, upload-time = "2025-06-21T13:39:12.283Z" }
wheels = [
    { url = "https://files.pythonhosted.org/packages/c7/21/705964c7812476f378728bdf590ca4b771ec72385c533964653c68e86bdc/pygments-2.19.2-py3-none-any.whl", hash = "sha256:86540386c03d588bb81d44bc3928634ff26449851e99741617ecb9037ee5ec0b", size = 1225217, upload-time = "2025-06-21T13:39:07.939Z" },
]

[[package]]
name = "pytest"
version = "9.0.2"
source = { registry = "https://pypi.org/simple" }
dependencies = [
    { name = "colorama", marker = "sys_platform == 'win32'" },
    { name = "iniconfig" },
    { name = "packaging" },
    { name = "pluggy" },
    { name = "pygments" },
]
sdist = { url = "https://files.pythonhosted.org/packages/d1/db/7ef3487e0fb0049ddb5ce41d3a49c235bf9ad299b6a25d5780a89f19230f/pytest-9.0.2.tar.gz", hash = "sha256:75186651a92bd89611d1d9fc20f0b4345fd827c41ccd5c299a868a05d70edf11", size = 1568901, upload-time = "2025-12-06T21:30:51.014Z" }
wheels = [
    { url = "https://files.pythonhosted.org/packages/3b/ab/b3226f0bd7cdcf710fbede2b3548584366da3b19b5021e74f5bde2a8fa3f/pytest-9.0.2-py3-none-any.whl", hash = "sha256:711ffd45bf766d5264d487b917733b453d917afd2b0ad65223959f59089f875b", size = 374801, upload-time = "2025-12-06T21:30:49.154Z" },
]

[[package]]
name = "python-circuit-breaker"
version = "0.1.0"
source = { virtual = "." }
dependencies = [
    { name = "pytest" },
]

[package.dev-dependencies]
dev = [
    { name = "time-machine" },
]

[package.metadata]
requires-dist = [{ name = "pytest", specifier = ">=9.0.2" }]

[package.metadata.requires-dev]
dev = [{ name = "time-machine", specifier = ">=3.2.0" }]

[[package]]
name = "time-machine"
version = "3.2.0"
source = { registry = "https://pypi.org/simple" }
sdist = { url = "https://files.pythonhosted.org/packages/02/fc/37b02f6094dbb1f851145330460532176ed2f1dc70511a35828166c41e52/time_machine-3.2.0.tar.gz", hash = "sha256:a4ddd1cea17b8950e462d1805a42b20c81eb9aafc8f66b392dd5ce997e037d79", size = 14804, upload-time = "2025-12-17T23:33:02.599Z" }
wheels = [
    { url = "https://files.pythonhosted.org/packages/61/70/b4b980d126ed155c78d1879c50d60c8dcbd47bd11cb14ee7be50e0dfc07f/time_machine-3.2.0-cp314-cp314-macosx_10_15_universal2.whl", hash = "sha256:1398980c017fe5744d66f419e0115ee48a53b00b146d738e1416c225eb610b82", size = 19303, upload-time = "2025-12-17T23:32:35.796Z" },
    { url = "https://files.pythonhosted.org/packages/73/73/eaa33603c69a68fe2b6f54f9dd75481693d62f1d29676531002be06e2d1c/time_machine-3.2.0-cp314-cp314-macosx_10_15_x86_64.whl", hash = "sha256:4f8f4e35f4191ef70c2ab8ff490761ee9051b891afce2bf86dde3918eb7b537b", size = 15431, upload-time = "2025-12-17T23:32:37.244Z" },
    { url = "https://files.pythonhosted.org/packages/76/10/b81e138e86cc7bab40cdb59d294b341e172201f4a6c84bb0ec080407977a/time_machine-3.2.0-cp314-cp314-manylinux1_i686.manylinux_2_28_i686.manylinux_2_5_i686.whl", hash = "sha256:6db498686ecf6163c5aa8cf0bcd57bbe0f4081184f247edf3ee49a2612b584f9", size = 33206, upload-time = "2025-12-17T23:32:38.713Z" },
    { url = "https://files.pythonhosted.org/packages/d3/72/4deab446b579e8bd5dca91de98595c5d6bd6a17ce162abf5c5f2ce40d3d8/time_machine-3.2.0-cp314-cp314-manylinux1_x86_64.manylinux_2_28_x86_64.manylinux_2_5_x86_64.whl", hash = "sha256:027c1807efb74d0cd58ad16524dec94212fbe900115d70b0123399883657ac0f", size = 34792, upload-time = "2025-12-17T23:32:40.223Z" },
    { url = "https://files.pythonhosted.org/packages/2c/39/439c6b587ddee76d533fe972289d0646e0a5520e14dc83d0a30aeb5565f7/time_machine-3.2.0-cp314-cp314-manylinux2014_aarch64.manylinux_2_17_aarch64.manylinux_2_28_aarch64.whl", hash = "sha256:92432610c05676edd5e6946a073c6f0c926923123ce7caee1018dc10782c713d", size = 36187, upload-time = "2025-12-17T23:32:41.705Z" },
    { url = "https://files.pythonhosted.org/packages/4b/db/2da4368db15180989bab83746a857bde05ad16e78f326801c142bb747a06/time_machine-3.2.0-cp314-cp314-musllinux_1_2_aarch64.whl", hash = "sha256:c25586b62480eb77ef3d953fba273209478e1ef49654592cd6a52a68dfe56a67", size = 34855, upload-time = "2025-12-17T23:32:42.817Z" },
    { url = "https://files.pythonhosted.org/packages/88/84/120a431fee50bc4c241425bee4d3a4910df4923b7ab5f7dff1bf0c772f08/time_machine-3.2.0-cp314-cp314-musllinux_1_2_i686.whl", hash = "sha256:6bf3a2fa738d15e0b95d14469a0b8ea42635467408d8b490e263d5d45c9a177f", size = 33222, upload-time = "2025-12-17T23:32:43.94Z" },
    { url = "https://files.pythonhosted.org/packages/f9/ea/89cfda82bb8c57ff91bb9a26751aa234d6d90e9b4d5ab0ad9dce0f9f0329/time_machine-3.2.0-cp314-cp314-musllinux_1_2_x86_64.whl", hash = "sha256:ce76b82276d7ad2a66cdc85dad4df19d1422b69183170a34e8fbc4c3f35502f7", size = 34270, upload-time = "2025-12-17T23:32:45.037Z" },
    { url = "https://files.pythonhosted.org/packages/8a/aa/235357da4f69a51a8d35fcbfcfa77cdc7dc24f62ae54025006570bda7e2d/time_machine-3.2.0-cp314-cp314-win32.whl", hash = "sha256:14d6778273c543441863dff712cd1d7803dee946b18de35921eb8df10714539d", size = 17544, upload-time = "2025-12-17T23:32:46.099Z" },
    { url = "https://files.pythonhosted.org/packages/7b/51/6c8405a7276be79693b792cff22ce41067ec05db26a7d02f2d5b06324434/time_machine-3.2.0-cp314-cp314-win_amd64.whl", hash = "sha256:cbf821da96dbc80d349fa9e7c36e670b41d68a878d28c8850057992fed430eef", size = 18423, upload-time = "2025-12-17T23:32:47.468Z" },
    { url = "https://files.pythonhosted.org/packages/d9/03/a3cf419e20c35fc203c6e4fed48b5b667c1a2b4da456d9971e605f73ecef/time_machine-3.2.0-cp314-cp314-win_arm64.whl", hash = "sha256:71c75d71f8e68abc8b669bca26ed2ddd558430a6c171e32b8620288565f18c0e", size = 17050, upload-time = "2025-12-17T23:32:48.91Z" },
    { url = "https://files.pythonhosted.org/packages/86/a1/142de946dc4393f910bf4564b5c3ba819906e1f49b06c9cb557519c849e4/time_machine-3.2.0-cp314-cp314t-macosx_10_15_universal2.whl", hash = "sha256:4e374779021446fc2b5c29d80457ec9a3b1a5df043dc2aae07d7c1415d52323c", size = 19991, upload-time = "2025-12-17T23:32:49.933Z" },
    { url = "https://files.pythonhosted.org/packages/ee/62/7f17def6289901f94726921811a16b9adce46e666362c75d45730c60274f/time_machine-3.2.0-cp314-cp314t-macosx_10_15_x86_64.whl", hash = "sha256:122310a6af9c36e9a636da32830e591e7923e8a07bdd0a43276c3a36c6821c90", size = 15707, upload-time = "2025-12-17T23:32:50.969Z" },
    { url = "https://files.pythonhosted.org/packages/5d/d3/3502fb9bd3acb159c18844b26c43220201a0d4a622c0c853785d07699a92/time_machine-3.2.0-cp314-cp314t-manylinux1_i686.manylinux_2_28_i686.manylinux_2_5_i686.whl", hash = "sha256:ba3eeb0f018cc362dd8128befa3426696a2e16dd223c3fb695fde184892d4d8c", size = 39207, upload-time = "2025-12-17T23:32:52.033Z" },
    { url = "https://files.pythonhosted.org/packages/5a/be/8b27f4aa296fda14a5a2ad7f588ddd450603c33415ab3f8e85b2f1a44678/time_machine-3.2.0-cp314-cp314t-manylinux1_x86_64.manylinux_2_28_x86_64.manylinux_2_5_x86_64.whl", hash = "sha256:77d38ba664b381a7793f8786efc13b5004f0d5f672dae814430445b8202a67a6", size = 40764, upload-time = "2025-12-17T23:32:53.167Z" },
    { url = "https://files.pythonhosted.org/packages/42/cd/fe4c4e5c8ab6d48fab3624c32be9116fb120173a35fe67e482e5cf68b3d2/time_machine-3.2.0-cp314-cp314t-manylinux2014_aarch64.manylinux_2_17_aarch64.manylinux_2_28_aarch64.whl", hash = "sha256:f09abeb8f03f044d72712207e0489a62098ad3ad16dac38927fcf80baca4d6a7", size = 43508, upload-time = "2025-12-17T23:32:54.597Z" },
    { url = "https://files.pythonhosted.org/packages/b4/28/5a3ba2fce85b97655a425d6bb20a441550acd2b304c96b2c19d3839f721a/time_machine-3.2.0-cp314-cp314t-musllinux_1_2_aarch64.whl", hash = "sha256:6b28367ce4f73987a55e230e1d30a57a3af85da8eb1a140074eb6e8c7e6ef19f", size = 41712, upload-time = "2025-12-17T23:32:55.781Z" },
    { url = "https://files.pythonhosted.org/packages/81/58/e38084be7fdabb4835db68a3a47e58c34182d79fc35df1ecbe0db2c5359f/time_machine-3.2.0-cp314-cp314t-musllinux_1_2_i686.whl", hash = "sha256:903c7751c904581da9f7861c3015bed7cdc40047321291d3694a3cdc783bbca3", size = 38939, upload-time = "2025-12-17T23:32:56.867Z" },
    { url = "https://files.pythonhosted.org/packages/40/d0/ad3feb0a392ef4e0c08bc32024950373ddc0669002cbdcbb9f3bf0c2d114/time_machine-3.2.0-cp314-cp314t-musllinux_1_2_x86_64.whl", hash = "sha256:528217cad85ede5f85c8bc78b0341868d3c3cfefc6ecb5b622e1cacb6c73247b", size = 39837, upload-time = "2025-12-17T23:32:58.283Z" },
    { url = "https://files.pythonhosted.org/packages/5b/9e/5f4b2ea63b267bd78f3245e76f5528836611b5f2d30b5e7300a722fe4428/time_machine-3.2.0-cp314-cp314t-win32.whl", hash = "sha256:75724762ffd517e7e80aaec1fad1ff5a7414bd84e2b3ee7a0bacfeb67c14926e", size = 18091, upload-time = "2025-12-17T23:32:59.403Z" },
    { url = "https://files.pythonhosted.org/packages/39/6f/456b1f4d2700ae02b19eba830f870596a4b89b74bac3b6c80666f1b108c5/time_machine-3.2.0-cp314-cp314t-win_amd64.whl", hash = "sha256:2526abbd053c5bca898d1b3e7898eec34626b12206718d8c7ce88fd12c1c9c5c", size = 19208, upload-time = "2025-12-17T23:33:00.488Z" },
    { url = "https://files.pythonhosted.org/packages/2f/22/8063101427ecd3d2652aada4d21d0876b07a3dc789125bca2ee858fec3ed/time_machine-3.2.0-cp314-cp314t-win_arm64.whl", hash = "sha256:7f2fb6784b414edbe2c0b558bfaab0c251955ba27edd62946cce4a01675a992c", size = 17359, upload-time = "2025-12-17T23:33:01.54Z" },
]
